PODS:
  - TabCollectionView (0.1.1)

DEPENDENCIES:
  - TabCollectionView (from `../`)

EXTERNAL SOURCES:
  TabCollectionView:
    :path: "../"

SPEC CHECKSUMS:
  TabCollectionView: 2d3c0b3dd4b2163cabbd8d78df0ea4222d30ea8b

PODFILE CHECKSUM: 143aea43d1ff2752b90c55bb38e3f78d7977f67a

COCOAPODS: 1.8.4
